{
  "name": "SamsungHospital_re",
  "lockfileVersion": 3,
  "requires": true,
  "packages": {
    "": {
      "dependencies": {
        "gsap": "^3.9.0"
      }
    },
    "node_modules/gsap": {
      "version": "3.9.0",
      "resolved": "https://registry.npmjs.org/gsap/-/gsap-3.9.0.tgz",
      "integrity": "sha512-YfIBNHJu4UHES1Vj780+sXtQuiD78QQwgJqktaXE9PO9OuXz5l4ETz05pnhxUfJcxJy4SUINXJxT9ZZhuYwU2g=="
    }
  }
}
